
Microsoft Visual Studio Solution File, Format Version 12.00
# Visual Studio 2013
VisualStudioVersion = 12.0.40629.0
MinimumVisualStudioVersion = 10.0.40219.1
Project("{8BC9CEB8-8B4A-11D0-8D11-00A0C91BC942}") = "001_TwoSum", "001_TwoSum\001_TwoSum.vcxproj", "{4620028C-694C-4F1D-85B4-D1E59AA3C299}"
EndProject
Project("{8BC9CEB8-8B4A-11D0-8D11-00A0C91BC942}") = "015_3Sum", "015_3Sum\015_3Sum.vcxproj", "{AC1D2C8B-F152-42F0-B6E1-C0E84B157E37}"
EndProject
Project("{2150E333-8FDC-42A3-9474-1A3956D46DE8}") = "Easy", "Easy", "{9935BE44-1C62-4D68-A5D7-96B7D1CB42AB}"
EndProject
Project("{2150E333-8FDC-42A3-9474-1A3956D46DE8}") = "Medium", "Medium", "{BC57E908-9325-4146-AC7A-343D0C082E97}"
EndProject
Project("{2150E333-8FDC-42A3-9474-1A3956D46DE8}") = "Hard", "Hard", "{18BAB9C2-C32E-4D3F-B37E-D218B07E1330}"
EndProject
Project("{8BC9CEB8-8B4A-11D0-8D11-00A0C91BC942}") = "461_HammingDistance", "HammingDistance\HammingDistance.vcxproj", "{22630945-5C15-44EE-AA97-E92144B1A4ED}"
EndProject
Project("{8BC9CEB8-8B4A-11D0-8D11-00A0C91BC942}") = "476_NumberComplement", "476_NumberComplement\476_NumberComplement.vcxproj", "{E84A7479-8189-464B-8726-B3DA2163D53F}"
EndProject
Project("{8BC9CEB8-8B4A-11D0-8D11-00A0C91BC942}") = "500_KeyboardRow", "500_KeyboardRow\500_KeyboardRow.vcxproj", "{2C08F242-90BF-4661-9B82-D70FF13186B6}"
EndProject
Project("{8BC9CEB8-8B4A-11D0-8D11-00A0C91BC942}") = "136_SingleNumber", "136_SingleNumber\136_SingleNumber.vcxproj", "{2A66BCDC-F991-4D85-88E8-2F442CC224EC}"
EndProject
Project("{8BC9CEB8-8B4A-11D0-8D11-00A0C91BC942}") = "171_ExcelSheetColNumber", "171_ExcelSheetColNumber\171_ExcelSheetColNumber.vcxproj", "{027DDCB7-6B13-44F7-A861-9078054F37A3}"
EndProject
Project("{8BC9CEB8-8B4A-11D0-8D11-00A0C91BC942}") = "SumOfTwoIntegers", "SumOfTwoIntegers\SumOfTwoIntegers.vcxproj", "{EC79C08F-306D-4715-BCC5-4760078BC721}"
EndProject
Global
	GlobalSection(SolutionConfigurationPlatforms) = preSolution
		Debug|Win32 = Debug|Win32
		Release|Win32 = Release|Win32
	EndGlobalSection
	GlobalSection(ProjectConfigurationPlatforms) = postSolution
		{4620028C-694C-4F1D-85B4-D1E59AA3C299}.Debug|Win32.ActiveCfg = Debug|Win32
		{4620028C-694C-4F1D-85B4-D1E59AA3C299}.Debug|Win32.Build.0 = Debug|Win32
		{4620028C-694C-4F1D-85B4-D1E59AA3C299}.Release|Win32.ActiveCfg = Release|Win32
		{4620028C-694C-4F1D-85B4-D1E59AA3C299}.Release|Win32.Build.0 = Release|Win32
		{AC1D2C8B-F152-42F0-B6E1-C0E84B157E37}.Debug|Win32.ActiveCfg = Debug|Win32
		{AC1D2C8B-F152-42F0-B6E1-C0E84B157E37}.Debug|Win32.Build.0 = Debug|Win32
		{AC1D2C8B-F152-42F0-B6E1-C0E84B157E37}.Release|Win32.ActiveCfg = Release|Win32
		{AC1D2C8B-F152-42F0-B6E1-C0E84B157E37}.Release|Win32.Build.0 = Release|Win32
		{22630945-5C15-44EE-AA97-E92144B1A4ED}.Debug|Win32.ActiveCfg = Debug|Win32
		{22630945-5C15-44EE-AA97-E92144B1A4ED}.Debug|Win32.Build.0 = Debug|Win32
		{22630945-5C15-44EE-AA97-E92144B1A4ED}.Release|Win32.ActiveCfg = Release|Win32
		{22630945-5C15-44EE-AA97-E92144B1A4ED}.Release|Win32.Build.0 = Release|Win32
		{E84A7479-8189-464B-8726-B3DA2163D53F}.Debug|Win32.ActiveCfg = Debug|Win32
		{E84A7479-8189-464B-8726-B3DA2163D53F}.Debug|Win32.Build.0 = Debug|Win32
		{E84A7479-8189-464B-8726-B3DA2163D53F}.Release|Win32.ActiveCfg = Release|Win32
		{E84A7479-8189-464B-8726-B3DA2163D53F}.Release|Win32.Build.0 = Release|Win32
		{2C08F242-90BF-4661-9B82-D70FF13186B6}.Debug|Win32.ActiveCfg = Debug|Win32
		{2C08F242-90BF-4661-9B82-D70FF13186B6}.Debug|Win32.Build.0 = Debug|Win32
		{2C08F242-90BF-4661-9B82-D70FF13186B6}.Release|Win32.ActiveCfg = Release|Win32
		{2C08F242-90BF-4661-9B82-D70FF13186B6}.Release|Win32.Build.0 = Release|Win32
		{2A66BCDC-F991-4D85-88E8-2F442CC224EC}.Debug|Win32.ActiveCfg = Debug|Win32
		{2A66BCDC-F991-4D85-88E8-2F442CC224EC}.Debug|Win32.Build.0 = Debug|Win32
		{2A66BCDC-F991-4D85-88E8-2F442CC224EC}.Release|Win32.ActiveCfg = Release|Win32
		{2A66BCDC-F991-4D85-88E8-2F442CC224EC}.Release|Win32.Build.0 = Release|Win32
		{027DDCB7-6B13-44F7-A861-9078054F37A3}.Debug|Win32.ActiveCfg = Debug|Win32
		{027DDCB7-6B13-44F7-A861-9078054F37A3}.Debug|Win32.Build.0 = Debug|Win32
		{027DDCB7-6B13-44F7-A861-9078054F37A3}.Release|Win32.ActiveCfg = Release|Win32
		{027DDCB7-6B13-44F7-A861-9078054F37A3}.Release|Win32.Build.0 = Release|Win32
		{EC79C08F-306D-4715-BCC5-4760078BC721}.Debug|Win32.ActiveCfg = Debug|Win32
		{EC79C08F-306D-4715-BCC5-4760078BC721}.Debug|Win32.Build.0 = Debug|Win32
		{EC79C08F-306D-4715-BCC5-4760078BC721}.Release|Win32.ActiveCfg = Release|Win32
		{EC79C08F-306D-4715-BCC5-4760078BC721}.Release|Win32.Build.0 = Release|Win32
	EndGlobalSection
	GlobalSection(SolutionProperties) = preSolution
		HideSolutionNode = FALSE
	EndGlobalSection
	GlobalSection(NestedProjects) = preSolution
		{4620028C-694C-4F1D-85B4-D1E59AA3C299} = {9935BE44-1C62-4D68-A5D7-96B7D1CB42AB}
		{AC1D2C8B-F152-42F0-B6E1-C0E84B157E37} = {BC57E908-9325-4146-AC7A-343D0C082E97}
		{22630945-5C15-44EE-AA97-E92144B1A4ED} = {9935BE44-1C62-4D68-A5D7-96B7D1CB42AB}
		{E84A7479-8189-464B-8726-B3DA2163D53F} = {9935BE44-1C62-4D68-A5D7-96B7D1CB42AB}
		{2C08F242-90BF-4661-9B82-D70FF13186B6} = {9935BE44-1C62-4D68-A5D7-96B7D1CB42AB}
		{2A66BCDC-F991-4D85-88E8-2F442CC224EC} = {9935BE44-1C62-4D68-A5D7-96B7D1CB42AB}
		{027DDCB7-6B13-44F7-A861-9078054F37A3} = {9935BE44-1C62-4D68-A5D7-96B7D1CB42AB}
		{EC79C08F-306D-4715-BCC5-4760078BC721} = {9935BE44-1C62-4D68-A5D7-96B7D1CB42AB}
	EndGlobalSection
EndGlobal
